<?xml version="1.0" encoding="UTF-8" standalone="yes" ?>
<CodeBlocks_project_file>
	<FileVersion major="1" minor="6" />
	<Project>
		<Option title="CUDA" />
		<Option pch_mode="2" />
		<Option compiler="gcc" />
		<Build>
			<Target title="Debug">
				<Option output="bin/Debug/CUDA" prefix_auto="1" extension_auto="1" />
				<Option object_output="obj/Debug/" />
				<Option type="1" />
				<Option compiler="nvidia_nvcc_cuda_compiler" />
				<Option parameters="--particles=25600 --mass=1e9 --dt=1.0 --iterations=20 --workgroup_size=128" />
				<Compiler>
					<Add option="-O2 -Xptxas -O3" />
					<Add option="-std=c++17" />
					<Add directory="../../../dependencies/include" />
					<Add directory="../../../dependencies/include/cuda" />
					<Add directory="F:/NVIDIA GPU Computing Toolkit/CUDA/v11.5/include" />
				</Compiler>
			</Target>
			<Target title="Release">
				<Option output="bin/Release/CUDA" prefix_auto="1" extension_auto="1" />
				<Option object_output="obj/Release/" />
				<Option type="1" />
				<Option compiler="nvidia_nvcc_cuda_compiler" />
				<Option parameters="--particles=25600 --mass=1e9 --dt=1.0 --iterations=20 --workgroup_size=128" />
				<Compiler>
					<Add option="-O2 -Xptxas -O3" />
					<Add option="-std=c++17" />
					<Add option="--use_fast_math" />
					<Add directory="../../../dependencies/include" />
					<Add directory="../../../dependencies/include/cuda" />
					<Add directory="F:/NVIDIA GPU Computing Toolkit/CUDA/v11.5/include" />
				</Compiler>
				<Linker>
					<Add option="-O2" />
				</Linker>
			</Target>
		</Build>
		<Unit filename="n_body.cu">
			<Option compile="1" />
			<Option link="1" />
		</Unit>
		<Unit filename="n_body_upgraded.cu" />
		<Unit filename="n_body_upgraded_2.cu" />
		<Extensions />
	</Project>
</CodeBlocks_project_file>
