<?xml version="1.0" encoding="UTF-8" standalone="yes" ?>
<CodeBlocks_project_file>
	<FileVersion major="1" minor="6" />
	<Project>
		<Option title="OpenMP" />
		<Option pch_mode="2" />
		<Option compiler="gcc" />
		<Build>
			<Target title="Debug">
				<Option output="bin/Debug/CB_Project" prefix_auto="1" extension_auto="1" />
				<Option object_output="obj/Debug/" />
				<Option type="1" />
				<Option compiler="gcc" />
				<Option parameters="--particles=1024 --mass=1.0e9 --dt=1.0 --iterations=200 --threads=12" />
				<Compiler>
					<Add option="-Wall" />
					<Add option="-g" />
					<Add option="-std=c++20" />
					<Add directory="../../../dependencies/include" />
				</Compiler>
				<Linker>
					<Add library="libboost_thread-mgw12-mt-d-x64-1_80" />
					<Add directory="../../../dependencies/libs/boost/" />
				</Linker>
			</Target>
			<Target title="Release">
				<Option output="bin/Release/CB_Project" prefix_auto="1" extension_auto="1" />
				<Option object_output="obj/Release/" />
				<Option type="1" />
				<Option compiler="gcc" />
				<Option parameters="--particles=1024 --mass=1.0e9 --dt=1.0 --iterations=20000 --threads=12" />
				<Compiler>
					<Add option="-O2" />
					<Add option="-std=c++20" />
					<Add option="-fopenmp" />
					<Add directory="../../../dependencies/include" />
				</Compiler>
				<Linker>
					<Add option="-s" />
					<Add library="libboost_thread-mgw12-mt-d-x64-1_80" />
					<Add library="gomp" />
					<Add directory="../../../dependencies/libs/boost/" />
				</Linker>
			</Target>
		</Build>
		<Compiler>
			<Add option="-Wall" />
			<Add option="-fexceptions" />
		</Compiler>
		<Unit filename="Computation_Info.hpp" />
		<Unit filename="N_Body_Compute.cpp" />
		<Unit filename="N_Body_Compute.hpp" />
		<Unit filename="Particle_Set.hpp" />
		<Unit filename="main.cpp" />
		<Extensions>
			<lib_finder disable_auto="1" />
		</Extensions>
	</Project>
</CodeBlocks_project_file>
